{
  "name": "template",
  "lockfileVersion": 3,
  "requires": true,
  "packages": {
    "": {
      "dependencies": {
        "bootstrap-fileinput": "^5.5.2"
      }
    },
    "node_modules/@popperjs/core": {
      "version": "2.11.8",
      "license": "MIT",
      "peer": true,
      "funding": {
        "type": "opencollective",
        "url": "https://opencollective.com/popperjs"
      }
    },
    "node_modules/bootstrap": {
      "version": "5.3.2",
      "funding": [
        {
          "type": "github",
          "url": "https://github.com/sponsors/twbs"
        },
        {
          "type": "opencollective",
          "url": "https://opencollective.com/bootstrap"
        }
      ],
      "license": "MIT",
      "peerDependencies": {
        "@popperjs/core": "^2.11.8"
      }
    },
    "node_modules/bootstrap-fileinput": {
      "version": "5.5.2",
      "resolved": "https://registry.npmjs.org/bootstrap-fileinput/-/bootstrap-fileinput-5.5.2.tgz",
      "integrity": "sha512-3Axe1cNppy9DzaiiE/S4QdCxEcY4DwJ6CnO6n2bYAd7S7OAMY8WoF4yRdPwAq6dq5nIMj7Bd0ZVp/y07a6SChA==",
      "hasInstallScript": true,
      "dependencies": {
        "bootstrap": ">= 3.4.1",
        "jquery": ">= 1.9.0",
        "opencollective-postinstall": "^2.0.2"
      },
      "peerDependencies": {
        "bootstrap": ">= 3.0.0",
        "jquery": ">= 1.9.0"
      }
    },
    "node_modules/jquery": {
      "version": "3.7.1",
      "license": "MIT"
    },
    "node_modules/opencollective-postinstall": {
      "version": "2.0.3",
      "resolved": "https://registry.npmjs.org/opencollective-postinstall/-/opencollective-postinstall-2.0.3.tgz",
      "integrity": "sha512-8AV/sCtuzUeTo8gQK5qDZzARrulB3egtLzFgteqB2tcT4Mw7B8Kt7JcDHmltjz6FOAHsvTevk70gZEbhM4ZS9Q==",
      "bin": {
        "opencollective-postinstall": "index.js"
      }
    }
  }
}
